
Microsoft Visual Studio Solution File, Format Version 12.00
# Visual Studio Version 16
VisualStudioVersion = 16.0.32228.343
MinimumVisualStudioVersion = 10.0.40219.1
Project("{FAE04EC0-301F-11D3-BF4B-00C04F79EFBC}") = "WpfAppLogin", "WpfAppLogin.csproj", "{00977CBD-BD3A-4AF5-9729-F5DDE4C3697D}"
EndProject
Global
	GlobalSection(SolutionConfigurationPlatforms) = preSolution
		Debug|Any CPU = Debug|Any CPU
		Release|Any CPU = Release|Any CPU
	EndGlobalSection
	GlobalSection(ProjectConfigurationPlatforms) = postSolution
		{00977CBD-BD3A-4AF5-9729-F5DDE4C3697D}.Debug|Any CPU.ActiveCfg = Debug|Any CPU
		{00977CBD-BD3A-4AF5-9729-F5DDE4C3697D}.Debug|Any CPU.Build.0 = Debug|Any CPU
		{00977CBD-BD3A-4AF5-9729-F5DDE4C3697D}.Release|Any CPU.ActiveCfg = Release|Any CPU
		{00977CBD-BD3A-4AF5-9729-F5DDE4C3697D}.Release|Any CPU.Build.0 = Release|Any CPU
	EndGlobalSection
	GlobalSection(SolutionProperties) = preSolution
		HideSolutionNode = FALSE
	EndGlobalSection
	GlobalSection(ExtensibilityGlobals) = postSolution
		SolutionGuid = {FF547725-B923-4BF1-BB73-58D4270B2161}
	EndGlobalSection
EndGlobal
